
Microsoft Visual Studio Solution File, Format Version 12.00
# Visual Studio Version 17
VisualStudioVersion = 17.14.36717.8 d17.14
MinimumVisualStudioVersion = 10.0.40219.1
Project("{FAE04EC0-301F-11D3-BF4B-00C04F79EFBC}") = "IPB2.OnlineBookStoreSystem.Domain", "IPB2.OnlineBookStoreSystem.Domain\IPB2.OnlineBookStoreSystem.Domain.csproj", "{4B8333F4-DBE7-4D72-B83A-B165143EC520}"
EndProject
Project("{FAE04EC0-301F-11D3-BF4B-00C04F79EFBC}") = "IPB2.OnlineBookStoreSystem.MinimalApi", "IPB2.OnlineBookStoreSystem.MinimalApi\IPB2.OnlineBookStoreSystem.MinimalApi.csproj", "{EA41E538-C6F2-443A-8A37-4C74B8CC5086}"
EndProject
Project("{FAE04EC0-301F-11D3-BF4B-00C04F79EFBC}") = "IPB2.OnlineBookStoreSystem.Mvc", "IPB2.OnlineBookStoreSystem.Mvc\IPB2.OnlineBookStoreSystem.Mvc.csproj", "{A2DDE03A-C361-4648-9869-995805F2B33F}"
EndProject
Global
	GlobalSection(SolutionConfigurationPlatforms) = preSolution
		Debug|Any CPU = Debug|Any CPU
		Release|Any CPU = Release|Any CPU
	EndGlobalSection
	GlobalSection(ProjectConfigurationPlatforms) = postSolution
		{4B8333F4-DBE7-4D72-B83A-B165143EC520}.Debug|Any CPU.ActiveCfg = Debug|Any CPU
		{4B8333F4-DBE7-4D72-B83A-B165143EC520}.Debug|Any CPU.Build.0 = Debug|Any CPU
		{4B8333F4-DBE7-4D72-B83A-B165143EC520}.Release|Any CPU.ActiveCfg = Release|Any CPU
		{4B8333F4-DBE7-4D72-B83A-B165143EC520}.Release|Any CPU.Build.0 = Release|Any CPU
		{EA41E538-C6F2-443A-8A37-4C74B8CC5086}.Debug|Any CPU.ActiveCfg = Debug|Any CPU
		{EA41E538-C6F2-443A-8A37-4C74B8CC5086}.Debug|Any CPU.Build.0 = Debug|Any CPU
		{EA41E538-C6F2-443A-8A37-4C74B8CC5086}.Release|Any CPU.ActiveCfg = Release|Any CPU
		{EA41E538-C6F2-443A-8A37-4C74B8CC5086}.Release|Any CPU.Build.0 = Release|Any CPU
		{A2DDE03A-C361-4648-9869-995805F2B33F}.Debug|Any CPU.ActiveCfg = Debug|Any CPU
		{A2DDE03A-C361-4648-9869-995805F2B33F}.Debug|Any CPU.Build.0 = Debug|Any CPU
		{A2DDE03A-C361-4648-9869-995805F2B33F}.Release|Any CPU.ActiveCfg = Release|Any CPU
		{A2DDE03A-C361-4648-9869-995805F2B33F}.Release|Any CPU.Build.0 = Release|Any CPU
	EndGlobalSection
	GlobalSection(SolutionProperties) = preSolution
		HideSolutionNode = FALSE
	EndGlobalSection
	GlobalSection(ExtensibilityGlobals) = postSolution
		SolutionGuid = {9D787A13-7481-4A1E-891A-85A26144BF5A}
	EndGlobalSection
EndGlobal
